
Microsoft Visual Studio Solution File, Format Version 12.00
# Visual Studio Version 17
VisualStudioVersion = 17.3.32922.545
MinimumVisualStudioVersion = 10.0.40219.1
Project("{FAE04EC0-301F-11D3-BF4B-00C04F79EFBC}") = "QueueUsingLinkedList", "QueueUsingLinkedList\QueueUsingLinkedList.csproj", "{57A17F4E-4915-430C-A9BA-9B589055AD71}"
EndProject
Global
	GlobalSection(SolutionConfigurationPlatforms) = preSolution
		Debug|Any CPU = Debug|Any CPU
		Release|Any CPU = Release|Any CPU
	EndGlobalSection
	GlobalSection(ProjectConfigurationPlatforms) = postSolution
		{57A17F4E-4915-430C-A9BA-9B589055AD71}.Debug|Any CPU.ActiveCfg = Debug|Any CPU
		{57A17F4E-4915-430C-A9BA-9B589055AD71}.Debug|Any CPU.Build.0 = Debug|Any CPU
		{57A17F4E-4915-430C-A9BA-9B589055AD71}.Release|Any CPU.ActiveCfg = Release|Any CPU
		{57A17F4E-4915-430C-A9BA-9B589055AD71}.Release|Any CPU.Build.0 = Release|Any CPU
	EndGlobalSection
	GlobalSection(SolutionProperties) = preSolution
		HideSolutionNode = FALSE
	EndGlobalSection
	GlobalSection(ExtensibilityGlobals) = postSolution
		SolutionGuid = {417E6E81-EF6C-4299-BA35-0D20583B7BC4}
	EndGlobalSection
EndGlobal
