
Microsoft Visual Studio Solution File, Format Version 12.00
# Visual Studio Version 17
VisualStudioVersion = 17.3.32922.545
MinimumVisualStudioVersion = 10.0.40219.1
Project("{FAE04EC0-301F-11D3-BF4B-00C04F79EFBC}") = "Bubble sort", "Bubble sort\Bubble sort.csproj", "{BFBBC82C-5E74-48A6-99C4-911DF00BB235}"
EndProject
Global
	GlobalSection(SolutionConfigurationPlatforms) = preSolution
		Debug|Any CPU = Debug|Any CPU
		Release|Any CPU = Release|Any CPU
	EndGlobalSection
	GlobalSection(ProjectConfigurationPlatforms) = postSolution
		{BFBBC82C-5E74-48A6-99C4-911DF00BB235}.Debug|Any CPU.ActiveCfg = Debug|Any CPU
		{BFBBC82C-5E74-48A6-99C4-911DF00BB235}.Debug|Any CPU.Build.0 = Debug|Any CPU
		{BFBBC82C-5E74-48A6-99C4-911DF00BB235}.Release|Any CPU.ActiveCfg = Release|Any CPU
		{BFBBC82C-5E74-48A6-99C4-911DF00BB235}.Release|Any CPU.Build.0 = Release|Any CPU
	EndGlobalSection
	GlobalSection(SolutionProperties) = preSolution
		HideSolutionNode = FALSE
	EndGlobalSection
	GlobalSection(ExtensibilityGlobals) = postSolution
		SolutionGuid = {2C5829AB-C5E7-4A5F-8D2A-9316C7BF76A6}
	EndGlobalSection
EndGlobal
